
Microsoft Visual Studio Solution File, Format Version 12.00
# Visual Studio Version 16
VisualStudioVersion = 16.0.31313.79
MinimumVisualStudioVersion = 10.0.40219.1
Project("{FAE04EC0-301F-11D3-BF4B-00C04F79EFBC}") = "PL_SQL", "PL_SQL.csproj", "{AB3D9FA6-E4C9-405E-A86E-BFED04785EB4}"
EndProject
Global
	GlobalSection(SolutionConfigurationPlatforms) = preSolution
		Debug|Any CPU = Debug|Any CPU
		Release|Any CPU = Release|Any CPU
	EndGlobalSection
	GlobalSection(ProjectConfigurationPlatforms) = postSolution
		{AB3D9FA6-E4C9-405E-A86E-BFED04785EB4}.Debug|Any CPU.ActiveCfg = Debug|Any CPU
		{AB3D9FA6-E4C9-405E-A86E-BFED04785EB4}.Debug|Any CPU.Build.0 = Debug|Any CPU
		{AB3D9FA6-E4C9-405E-A86E-BFED04785EB4}.Release|Any CPU.ActiveCfg = Release|Any CPU
		{AB3D9FA6-E4C9-405E-A86E-BFED04785EB4}.Release|Any CPU.Build.0 = Release|Any CPU
	EndGlobalSection
	GlobalSection(SolutionProperties) = preSolution
		HideSolutionNode = FALSE
	EndGlobalSection
	GlobalSection(ExtensibilityGlobals) = postSolution
		SolutionGuid = {D4DA3A97-4274-4D2A-9F85-8F904F52476A}
	EndGlobalSection
EndGlobal
